
Microsoft Visual Studio Solution File, Format Version 12.00
# Visual Studio Version 17
VisualStudioVersion = 17.13.35931.197
MinimumVisualStudioVersion = 10.0.40219.1
Project("{FAE04EC0-301F-11D3-BF4B-00C04F79EFBC}") = "Monitoring.Domain", "Monitoring.Domain\Monitoring.Domain.csproj", "{F067BEA7-1276-44A7-9A8F-B7A821F52973}"
EndProject
Project("{FAE04EC0-301F-11D3-BF4B-00C04F79EFBC}") = "Monitoring.Infrastructure", "Monitoring.Infrastructure\Monitoring.Infrastructure.csproj", "{D7FF4862-7499-4880-A941-E5AA7379AC8D}"
EndProject
Project("{FAE04EC0-301F-11D3-BF4B-00C04F79EFBC}") = "Monitoring.Common", "Monitoring.Common\Monitoring.Common.csproj", "{E9F929A3-6C9B-4D9A-A1F1-E9E79A5AE82E}"
EndProject
Project("{FAE04EC0-301F-11D3-BF4B-00C04F79EFBC}") = "Monitoring.Ui", "Monitoring.Ui\Monitoring.Ui.csproj", "{30EF7114-4D6E-4B3E-A48F-9B726C2E54E4}"
EndProject
Project("{FAE04EC0-301F-11D3-BF4B-00C04F79EFBC}") = "Monitoring.Application", "monitoring.Application\Monitoring.Application.csproj", "{3A498172-281E-29D7-F2E8-F9071BF58040}"
EndProject
Global
	GlobalSection(SolutionConfigurationPlatforms) = preSolution
		Debug|Any CPU = Debug|Any CPU
		Release|Any CPU = Release|Any CPU
	EndGlobalSection
	GlobalSection(ProjectConfigurationPlatforms) = postSolution
		{F067BEA7-1276-44A7-9A8F-B7A821F52973}.Debug|Any CPU.ActiveCfg = Debug|Any CPU
		{F067BEA7-1276-44A7-9A8F-B7A821F52973}.Debug|Any CPU.Build.0 = Debug|Any CPU
		{F067BEA7-1276-44A7-9A8F-B7A821F52973}.Release|Any CPU.ActiveCfg = Release|Any CPU
		{F067BEA7-1276-44A7-9A8F-B7A821F52973}.Release|Any CPU.Build.0 = Release|Any CPU
		{D7FF4862-7499-4880-A941-E5AA7379AC8D}.Debug|Any CPU.ActiveCfg = Debug|Any CPU
		{D7FF4862-7499-4880-A941-E5AA7379AC8D}.Debug|Any CPU.Build.0 = Debug|Any CPU
		{D7FF4862-7499-4880-A941-E5AA7379AC8D}.Release|Any CPU.ActiveCfg = Release|Any CPU
		{D7FF4862-7499-4880-A941-E5AA7379AC8D}.Release|Any CPU.Build.0 = Release|Any CPU
		{E9F929A3-6C9B-4D9A-A1F1-E9E79A5AE82E}.Debug|Any CPU.ActiveCfg = Debug|Any CPU
		{E9F929A3-6C9B-4D9A-A1F1-E9E79A5AE82E}.Debug|Any CPU.Build.0 = Debug|Any CPU
		{E9F929A3-6C9B-4D9A-A1F1-E9E79A5AE82E}.Release|Any CPU.ActiveCfg = Release|Any CPU
		{E9F929A3-6C9B-4D9A-A1F1-E9E79A5AE82E}.Release|Any CPU.Build.0 = Release|Any CPU
		{30EF7114-4D6E-4B3E-A48F-9B726C2E54E4}.Debug|Any CPU.ActiveCfg = Debug|Any CPU
		{30EF7114-4D6E-4B3E-A48F-9B726C2E54E4}.Debug|Any CPU.Build.0 = Debug|Any CPU
		{30EF7114-4D6E-4B3E-A48F-9B726C2E54E4}.Release|Any CPU.ActiveCfg = Release|Any CPU
		{30EF7114-4D6E-4B3E-A48F-9B726C2E54E4}.Release|Any CPU.Build.0 = Release|Any CPU
		{3A498172-281E-29D7-F2E8-F9071BF58040}.Debug|Any CPU.ActiveCfg = Debug|Any CPU
		{3A498172-281E-29D7-F2E8-F9071BF58040}.Debug|Any CPU.Build.0 = Debug|Any CPU
		{3A498172-281E-29D7-F2E8-F9071BF58040}.Release|Any CPU.ActiveCfg = Release|Any CPU
		{3A498172-281E-29D7-F2E8-F9071BF58040}.Release|Any CPU.Build.0 = Release|Any CPU
	EndGlobalSection
	GlobalSection(SolutionProperties) = preSolution
		HideSolutionNode = FALSE
	EndGlobalSection
	GlobalSection(ExtensibilityGlobals) = postSolution
		SolutionGuid = {73BAB385-8CEB-4BE5-B3F8-CA6324CE98C9}
	EndGlobalSection
EndGlobal
