
Microsoft Visual Studio Solution File, Format Version 12.00
# Visual Studio Version 17
VisualStudioVersion = 17.10.34928.147
MinimumVisualStudioVersion = 10.0.40219.1
Project("{2150E333-8FDC-42A3-9474-1A3956D46DE8}") = "Api", "Api", "{B3B74F7F-62E5-4802-BC9A-53C654F40EF2}"
EndProject
Project("{2150E333-8FDC-42A3-9474-1A3956D46DE8}") = "Domain", "Domain", "{936B61B2-4B69-492C-9679-71BAF30DFD56}"
EndProject
Project("{2150E333-8FDC-42A3-9474-1A3956D46DE8}") = "Resources", "Resources", "{0CCA87DA-0CA1-4678-A134-E17C51DAA79B}"
EndProject
Project("{2150E333-8FDC-42A3-9474-1A3956D46DE8}") = "Test", "Test", "{5F5FBBE8-038F-40CE-A350-CA335285338A}"
EndProject
Project("{2150E333-8FDC-42A3-9474-1A3956D46DE8}") = "UI", "UI", "{248D3983-C2F1-4500-99E5-71CC19E8A558}"
EndProject
Project("{9A19103F-16F7-4668-BE54-9A1E7A4F7556}") = "App", "App\App.csproj", "{50FF02C3-465F-48BB-AD04-A88755EBF863}"
EndProject
Project("{9A19103F-16F7-4668-BE54-9A1E7A4F7556}") = "Domain", "Domain\Domain.csproj", "{27B5C3C6-02F2-46FB-8CC2-66AE8E6EDDC8}"
EndProject
Project("{9A19103F-16F7-4668-BE54-9A1E7A4F7556}") = "UserSerivce", "UserSerivce\UserSerivce.csproj", "{E2069F19-5031-4B5F-BC79-296FDC22AB65}"
EndProject
Project("{9A19103F-16F7-4668-BE54-9A1E7A4F7556}") = "ConnectionService", "ConnectionService\ConnectionService.csproj", "{EF853D60-8E88-4801-B586-B0B9500ED1D8}"
EndProject
Project("{9A19103F-16F7-4668-BE54-9A1E7A4F7556}") = "APIGateway", "APIGateway\APIGateway.csproj", "{F77A88AE-B477-4FE0-8D7C-0037BBE12749}"
EndProject
Project("{9A19103F-16F7-4668-BE54-9A1E7A4F7556}") = "SettingsManger", "SettingsManger\SettingsManger.csproj", "{641FF6DA-2877-4DA7-9DD0-D523F9E3C677}"
EndProject
Project("{9A19103F-16F7-4668-BE54-9A1E7A4F7556}") = "PageBuilder", "PageBuilder\PageBuilder.csproj", "{0426500A-6D94-494C-B202-243087084F2B}"
EndProject
Project("{9A19103F-16F7-4668-BE54-9A1E7A4F7556}") = "Resources", "Resources\Resources.csproj", "{0C445753-1EC1-4EDA-B1E0-9B2420120710}"
EndProject
Project("{2150E333-8FDC-42A3-9474-1A3956D46DE8}") = "Infrastructure", "Infrastructure", "{D93FF850-EE29-4E2D-91E4-27727A18C70D}"
EndProject
Project("{9A19103F-16F7-4668-BE54-9A1E7A4F7556}") = "Persistence", "Persistence\Persistence.csproj", "{3C3920F0-457D-4B6D-A30D-713A72F59648}"
EndProject
Project("{9A19103F-16F7-4668-BE54-9A1E7A4F7556}") = "Application", "Application\Application.csproj", "{25E5CD1C-6B60-428C-B5A3-7B194FD792D6}"
EndProject
Project("{9A19103F-16F7-4668-BE54-9A1E7A4F7556}") = "DTOs", "DTOs\DTOs.csproj", "{27E168BB-752B-4653-990B-B50266F98D23}"
EndProject
Project("{2150E333-8FDC-42A3-9474-1A3956D46DE8}") = "Framework", "Framework", "{6D78590B-2F80-4C35-AA25-5B60E47698A5}"
EndProject
Project("{9A19103F-16F7-4668-BE54-9A1E7A4F7556}") = "CBG", "CBG\CBG.csproj", "{79448D13-1532-408A-97AB-6E53EBBBED59}"
EndProject
Global
	GlobalSection(SolutionConfigurationPlatforms) = preSolution
		Debug|Any CPU = Debug|Any CPU
		Release|Any CPU = Release|Any CPU
	EndGlobalSection
	GlobalSection(ProjectConfigurationPlatforms) = postSolution
		{50FF02C3-465F-48BB-AD04-A88755EBF863}.Debug|Any CPU.ActiveCfg = Debug|Any CPU
		{50FF02C3-465F-48BB-AD04-A88755EBF863}.Debug|Any CPU.Build.0 = Debug|Any CPU
		{50FF02C3-465F-48BB-AD04-A88755EBF863}.Release|Any CPU.ActiveCfg = Release|Any CPU
		{50FF02C3-465F-48BB-AD04-A88755EBF863}.Release|Any CPU.Build.0 = Release|Any CPU
		{27B5C3C6-02F2-46FB-8CC2-66AE8E6EDDC8}.Debug|Any CPU.ActiveCfg = Debug|Any CPU
		{27B5C3C6-02F2-46FB-8CC2-66AE8E6EDDC8}.Debug|Any CPU.Build.0 = Debug|Any CPU
		{27B5C3C6-02F2-46FB-8CC2-66AE8E6EDDC8}.Release|Any CPU.ActiveCfg = Release|Any CPU
		{27B5C3C6-02F2-46FB-8CC2-66AE8E6EDDC8}.Release|Any CPU.Build.0 = Release|Any CPU
		{E2069F19-5031-4B5F-BC79-296FDC22AB65}.Debug|Any CPU.ActiveCfg = Debug|Any CPU
		{E2069F19-5031-4B5F-BC79-296FDC22AB65}.Debug|Any CPU.Build.0 = Debug|Any CPU
		{E2069F19-5031-4B5F-BC79-296FDC22AB65}.Release|Any CPU.ActiveCfg = Release|Any CPU
		{E2069F19-5031-4B5F-BC79-296FDC22AB65}.Release|Any CPU.Build.0 = Release|Any CPU
		{EF853D60-8E88-4801-B586-B0B9500ED1D8}.Debug|Any CPU.ActiveCfg = Debug|Any CPU
		{EF853D60-8E88-4801-B586-B0B9500ED1D8}.Debug|Any CPU.Build.0 = Debug|Any CPU
		{EF853D60-8E88-4801-B586-B0B9500ED1D8}.Release|Any CPU.ActiveCfg = Release|Any CPU
		{EF853D60-8E88-4801-B586-B0B9500ED1D8}.Release|Any CPU.Build.0 = Release|Any CPU
		{F77A88AE-B477-4FE0-8D7C-0037BBE12749}.Debug|Any CPU.ActiveCfg = Debug|Any CPU
		{F77A88AE-B477-4FE0-8D7C-0037BBE12749}.Debug|Any CPU.Build.0 = Debug|Any CPU
		{F77A88AE-B477-4FE0-8D7C-0037BBE12749}.Release|Any CPU.ActiveCfg = Release|Any CPU
		{F77A88AE-B477-4FE0-8D7C-0037BBE12749}.Release|Any CPU.Build.0 = Release|Any CPU
		{641FF6DA-2877-4DA7-9DD0-D523F9E3C677}.Debug|Any CPU.ActiveCfg = Debug|Any CPU
		{641FF6DA-2877-4DA7-9DD0-D523F9E3C677}.Debug|Any CPU.Build.0 = Debug|Any CPU
		{641FF6DA-2877-4DA7-9DD0-D523F9E3C677}.Release|Any CPU.ActiveCfg = Release|Any CPU
		{641FF6DA-2877-4DA7-9DD0-D523F9E3C677}.Release|Any CPU.Build.0 = Release|Any CPU
		{0426500A-6D94-494C-B202-243087084F2B}.Debug|Any CPU.ActiveCfg = Debug|Any CPU
		{0426500A-6D94-494C-B202-243087084F2B}.Debug|Any CPU.Build.0 = Debug|Any CPU
		{0426500A-6D94-494C-B202-243087084F2B}.Release|Any CPU.ActiveCfg = Release|Any CPU
		{0426500A-6D94-494C-B202-243087084F2B}.Release|Any CPU.Build.0 = Release|Any CPU
		{0C445753-1EC1-4EDA-B1E0-9B2420120710}.Debug|Any CPU.ActiveCfg = Debug|Any CPU
		{0C445753-1EC1-4EDA-B1E0-9B2420120710}.Debug|Any CPU.Build.0 = Debug|Any CPU
		{0C445753-1EC1-4EDA-B1E0-9B2420120710}.Release|Any CPU.ActiveCfg = Release|Any CPU
		{0C445753-1EC1-4EDA-B1E0-9B2420120710}.Release|Any CPU.Build.0 = Release|Any CPU
		{3C3920F0-457D-4B6D-A30D-713A72F59648}.Debug|Any CPU.ActiveCfg = Debug|Any CPU
		{3C3920F0-457D-4B6D-A30D-713A72F59648}.Debug|Any CPU.Build.0 = Debug|Any CPU
		{3C3920F0-457D-4B6D-A30D-713A72F59648}.Release|Any CPU.ActiveCfg = Release|Any CPU
		{3C3920F0-457D-4B6D-A30D-713A72F59648}.Release|Any CPU.Build.0 = Release|Any CPU
		{25E5CD1C-6B60-428C-B5A3-7B194FD792D6}.Debug|Any CPU.ActiveCfg = Debug|Any CPU
		{25E5CD1C-6B60-428C-B5A3-7B194FD792D6}.Debug|Any CPU.Build.0 = Debug|Any CPU
		{25E5CD1C-6B60-428C-B5A3-7B194FD792D6}.Release|Any CPU.ActiveCfg = Release|Any CPU
		{25E5CD1C-6B60-428C-B5A3-7B194FD792D6}.Release|Any CPU.Build.0 = Release|Any CPU
		{27E168BB-752B-4653-990B-B50266F98D23}.Debug|Any CPU.ActiveCfg = Debug|Any CPU
		{27E168BB-752B-4653-990B-B50266F98D23}.Debug|Any CPU.Build.0 = Debug|Any CPU
		{27E168BB-752B-4653-990B-B50266F98D23}.Release|Any CPU.ActiveCfg = Release|Any CPU
		{27E168BB-752B-4653-990B-B50266F98D23}.Release|Any CPU.Build.0 = Release|Any CPU
		{79448D13-1532-408A-97AB-6E53EBBBED59}.Debug|Any CPU.ActiveCfg = Debug|Any CPU
		{79448D13-1532-408A-97AB-6E53EBBBED59}.Debug|Any CPU.Build.0 = Debug|Any CPU
		{79448D13-1532-408A-97AB-6E53EBBBED59}.Release|Any CPU.ActiveCfg = Release|Any CPU
		{79448D13-1532-408A-97AB-6E53EBBBED59}.Release|Any CPU.Build.0 = Release|Any CPU
	EndGlobalSection
	GlobalSection(SolutionProperties) = preSolution
		HideSolutionNode = FALSE
	EndGlobalSection
	GlobalSection(NestedProjects) = preSolution
		{248D3983-C2F1-4500-99E5-71CC19E8A558} = {5F5FBBE8-038F-40CE-A350-CA335285338A}
		{50FF02C3-465F-48BB-AD04-A88755EBF863} = {248D3983-C2F1-4500-99E5-71CC19E8A558}
		{27B5C3C6-02F2-46FB-8CC2-66AE8E6EDDC8} = {936B61B2-4B69-492C-9679-71BAF30DFD56}
		{E2069F19-5031-4B5F-BC79-296FDC22AB65} = {B3B74F7F-62E5-4802-BC9A-53C654F40EF2}
		{EF853D60-8E88-4801-B586-B0B9500ED1D8} = {B3B74F7F-62E5-4802-BC9A-53C654F40EF2}
		{F77A88AE-B477-4FE0-8D7C-0037BBE12749} = {248D3983-C2F1-4500-99E5-71CC19E8A558}
		{641FF6DA-2877-4DA7-9DD0-D523F9E3C677} = {B3B74F7F-62E5-4802-BC9A-53C654F40EF2}
		{0426500A-6D94-494C-B202-243087084F2B} = {B3B74F7F-62E5-4802-BC9A-53C654F40EF2}
		{0C445753-1EC1-4EDA-B1E0-9B2420120710} = {0CCA87DA-0CA1-4678-A134-E17C51DAA79B}
		{3C3920F0-457D-4B6D-A30D-713A72F59648} = {D93FF850-EE29-4E2D-91E4-27727A18C70D}
		{25E5CD1C-6B60-428C-B5A3-7B194FD792D6} = {D93FF850-EE29-4E2D-91E4-27727A18C70D}
		{27E168BB-752B-4653-990B-B50266F98D23} = {D93FF850-EE29-4E2D-91E4-27727A18C70D}
		{79448D13-1532-408A-97AB-6E53EBBBED59} = {6D78590B-2F80-4C35-AA25-5B60E47698A5}
	EndGlobalSection
	GlobalSection(ExtensibilityGlobals) = postSolution
		SolutionGuid = {4677CF6D-2406-46BD-B5FC-133852A5531F}
	EndGlobalSection
EndGlobal
